// !$*UTF8*$!
{
	archiveVersion = 1;
	classes = {
	};
	objectVersion = 56;
	objects = {

/* Begin PBXBuildFile section */
		BLD_BBC4BBCED5F24484AB98F768 /* App/ContentView.swift in Sources */ = {isa = PBXBuildFile; fileRef = REF_62004BD223604A62815BDEA8 /* App/ContentView.swift */; };
		BLD_BB0A9A26B69542B2BB764726 /* App/PocketAquariumApp.swift in Sources */ = {isa = PBXBuildFile; fileRef = REF_12E09AE0672C4AB0B60BDE3A /* App/PocketAquariumApp.swift */; };
		BLD_12A02F7CAE4241518C1571B0 /* Models/Fish.swift in Sources */ = {isa = PBXBuildFile; fileRef = REF_BBD042CE9CA3409F993ABA7B /* Models/Fish.swift */; };
		BLD_351824574D624DF1A85D4D43 /* Models/FishMorph.swift in Sources */ = {isa = PBXBuildFile; fileRef = REF_6692D88CA65D422C892D872E /* Models/FishMorph.swift */; };
		BLD_D0B0A7DC22D243ADAAA2CA99 /* Models/FishSpecies.swift in Sources */ = {isa = PBXBuildFile; fileRef = REF_91F7D5D6154C4A88B8139ECF /* Models/FishSpecies.swift */; };
		BLD_4ECCE9927CEB4135B7BD436B /* Models/FishState.swift in Sources */ = {isa = PBXBuildFile; fileRef = REF_744FCFB3D45649AB8D1514EB /* Models/FishState.swift */; };
		BLD_17BF95A5B72745B6BA4CC1DC /* Models/ProUnlockManager.swift in Sources */ = {isa = PBXBuildFile; fileRef = REF_D3850D08677A4BAEBFF283D3 /* Models/ProUnlockManager.swift */; };
		BLD_68B5212F2AB54886A753E002 /* Models/Tank.swift in Sources */ = {isa = PBXBuildFile; fileRef = REF_FA25D3BFD9B74010810D8082 /* Models/Tank.swift */; };
		BLD_2F8B1DB8701A4F3EB6FF4C65 /* Models/TankDecoration.swift in Sources */ = {isa = PBXBuildFile; fileRef = REF_49ECE812C72D4A98AE6276D1 /* Models/TankDecoration.swift */; };
		BLD_CBA7FEF6050C4B14A753E855 /* Services/AnimationEngine.swift in Sources */ = {isa = PBXBuildFile; fileRef = REF_37A0545F5B974B2889C16D4A /* Services/AnimationEngine.swift */; };
		BLD_7A48DA401F804C738C547A9E /* Services/BreedingEngine.swift in Sources */ = {isa = PBXBuildFile; fileRef = REF_E173B3902D1B488EBA5CB752 /* Services/BreedingEngine.swift */; };
		BLD_106DFBEE04AF49E18FED40AA /* Services/DynamicIslandManager.swift in Sources */ = {isa = PBXBuildFile; fileRef = REF_6970E434D29E40799B021ADB /* Services/DynamicIslandManager.swift */; };
		BLD_0C3E18E98C334449BB4AB108 /* Services/FishBehaviorEngine.swift in Sources */ = {isa = PBXBuildFile; fileRef = REF_82D1BA2998834922B46D224F /* Services/FishBehaviorEngine.swift */; };
		BLD_14460E88507D4FECA4226992 /* Services/NotificationService.swift in Sources */ = {isa = PBXBuildFile; fileRef = REF_47B43E8C9E0D4AA894768889 /* Services/NotificationService.swift */; };
		BLD_F5562A60EC664EA9A0015F43 /* Services/PersistenceService.swift in Sources */ = {isa = PBXBuildFile; fileRef = REF_535D33A1F41C4F698D103430 /* Services/PersistenceService.swift */; };
		BLD_7E2FE5D744E44C62BC71019F /* Services/PhoneStateMonitor.swift in Sources */ = {isa = PBXBuildFile; fileRef = REF_A0A372E868054E2A9673F3E6 /* Services/PhoneStateMonitor.swift */; };
		BLD_BA471F0D0FE94AEB9FBA23B7 /* Services/StoreKitManager.swift in Sources */ = {isa = PBXBuildFile; fileRef = REF_6F0F529D8E644215846233E9 /* Services/StoreKitManager.swift */; };
		BLD_4F85CF05E2B74410A7B802A4 /* Services/WidgetDataProvider.swift in Sources */ = {isa = PBXBuildFile; fileRef = REF_1AAB02FA4E0447909B0EC73E /* Services/WidgetDataProvider.swift */; };
		BLD_32A11289C30141BF954EEFB8 /* Views/AquariumMainView.swift in Sources */ = {isa = PBXBuildFile; fileRef = REF_3CF8CA08D2C449429A72487D /* Views/AquariumMainView.swift */; };
		BLD_0C4DE6C8F730470989B4FDB6 /* Views/BreedingView.swift in Sources */ = {isa = PBXBuildFile; fileRef = REF_88501C11A8C74B3E89D801D1 /* Views/BreedingView.swift */; };
		BLD_85770265F76742F38C8CF7A9 /* Views/FishDetailView.swift in Sources */ = {isa = PBXBuildFile; fileRef = REF_A3BFECC495654106829DFFF2 /* Views/FishDetailView.swift */; };
		BLD_D56488D8A8A14FA081A8B118 /* Views/FishReactionView.swift in Sources */ = {isa = PBXBuildFile; fileRef = REF_B2E5024E30CF47FB80316AA2 /* Views/FishReactionView.swift */; };
		BLD_078801F8A81A41EDA822CC21 /* Views/HatcheryView.swift in Sources */ = {isa = PBXBuildFile; fileRef = REF_5057DC940A934C35A10E18D7 /* Views/HatcheryView.swift */; };
		BLD_F4BC365026104EA8A643945F /* Views/ProUpgradeView.swift in Sources */ = {isa = PBXBuildFile; fileRef = REF_D475819C1D5540DD846C7D02 /* Views/ProUpgradeView.swift */; };
		BLD_9DF2196651DD46979B66FCB3 /* Views/SettingsView.swift in Sources */ = {isa = PBXBuildFile; fileRef = REF_2843FF76C3EF4F80AC2F9AC2 /* Views/SettingsView.swift */; };
		BLD_F70C8EE2A3214FB4A6AC8506 /* Views/ShopView.swift in Sources */ = {isa = PBXBuildFile; fileRef = REF_F8873AC007F84B65B709E3C8 /* Views/ShopView.swift */; };
		BLD_C1EB82E584E340DC9946F91C /* Widgets/FishWidget.swift in Sources */ = {isa = PBXBuildFile; fileRef = REF_948DAE0EA90F49098F408B61 /* Widgets/FishWidget.swift */; };
		BLD_156DB07B7B664532B13E5E5B /* Widgets/WidgetBundle.swift in Sources */ = {isa = PBXBuildFile; fileRef = REF_D8C21D48866D4EC5AAD31DDD /* Widgets/WidgetBundle.swift */; };
/* End PBXBuildFile section */

/* Begin PBXFileReference section */
		REF_827386B3B7B14F60BCE312ED /* .gitignore */ = {isa = PBXFileReference;; lastKnownFileType = text; path = ".gitignore"; sourceTree = "<group>"; };
		REF_87E155748DCF46EFB1398130 /* AGENTS.md */ = {isa = PBXFileReference;; lastKnownFileType = text; path = "AGENTS.md"; sourceTree = "<group>"; };
		REF_62004BD223604A62815BDEA8 /* ContentView.swift */ = {isa = PBXFileReference;; explicitFileType = sourcecode.swift; fileEncoding = 4; };
		REF_12E09AE0672C4AB0B60BDE3A /* PocketAquariumApp.swift */ = {isa = PBXFileReference;; explicitFileType = sourcecode.swift; fileEncoding = 4; };
		REF_BBD042CE9CA3409F993ABA7B /* Fish.swift */ = {isa = PBXFileReference;; explicitFileType = sourcecode.swift; fileEncoding = 4; };
		REF_6692D88CA65D422C892D872E /* FishMorph.swift */ = {isa = PBXFileReference;; explicitFileType = sourcecode.swift; fileEncoding = 4; };
		REF_91F7D5D6154C4A88B8139ECF /* FishSpecies.swift */ = {isa = PBXFileReference;; explicitFileType = sourcecode.swift; fileEncoding = 4; };
		REF_744FCFB3D45649AB8D1514EB /* FishState.swift */ = {isa = PBXFileReference;; explicitFileType = sourcecode.swift; fileEncoding = 4; };
		REF_D3850D08677A4BAEBFF283D3 /* ProUnlockManager.swift */ = {isa = PBXFileReference;; explicitFileType = sourcecode.swift; fileEncoding = 4; };
		REF_FA25D3BFD9B74010810D8082 /* Tank.swift */ = {isa = PBXFileReference;; explicitFileType = sourcecode.swift; fileEncoding = 4; };
		REF_49ECE812C72D4A98AE6276D1 /* TankDecoration.swift */ = {isa = PBXFileReference;; explicitFileType = sourcecode.swift; fileEncoding = 4; };
		REF_37A0545F5B974B2889C16D4A /* AnimationEngine.swift */ = {isa = PBXFileReference;; explicitFileType = sourcecode.swift; fileEncoding = 4; };
		REF_E173B3902D1B488EBA5CB752 /* BreedingEngine.swift */ = {isa = PBXFileReference;; explicitFileType = sourcecode.swift; fileEncoding = 4; };
		REF_6970E434D29E40799B021ADB /* DynamicIslandManager.swift */ = {isa = PBXFileReference;; explicitFileType = sourcecode.swift; fileEncoding = 4; };
		REF_82D1BA2998834922B46D224F /* FishBehaviorEngine.swift */ = {isa = PBXFileReference;; explicitFileType = sourcecode.swift; fileEncoding = 4; };
		REF_47B43E8C9E0D4AA894768889 /* NotificationService.swift */ = {isa = PBXFileReference;; explicitFileType = sourcecode.swift; fileEncoding = 4; };
		REF_535D33A1F41C4F698D103430 /* PersistenceService.swift */ = {isa = PBXFileReference;; explicitFileType = sourcecode.swift; fileEncoding = 4; };
		REF_A0A372E868054E2A9673F3E6 /* PhoneStateMonitor.swift */ = {isa = PBXFileReference;; explicitFileType = sourcecode.swift; fileEncoding = 4; };
		REF_6F0F529D8E644215846233E9 /* StoreKitManager.swift */ = {isa = PBXFileReference;; explicitFileType = sourcecode.swift; fileEncoding = 4; };
		REF_1AAB02FA4E0447909B0EC73E /* WidgetDataProvider.swift */ = {isa = PBXFileReference;; explicitFileType = sourcecode.swift; fileEncoding = 4; };
		REF_3CF8CA08D2C449429A72487D /* AquariumMainView.swift */ = {isa = PBXFileReference;; explicitFileType = sourcecode.swift; fileEncoding = 4; };
		REF_88501C11A8C74B3E89D801D1 /* BreedingView.swift */ = {isa = PBXFileReference;; explicitFileType = sourcecode.swift; fileEncoding = 4; };
		REF_A3BFECC495654106829DFFF2 /* FishDetailView.swift */ = {isa = PBXFileReference;; explicitFileType = sourcecode.swift; fileEncoding = 4; };
		REF_B2E5024E30CF47FB80316AA2 /* FishReactionView.swift */ = {isa = PBXFileReference;; explicitFileType = sourcecode.swift; fileEncoding = 4; };
		REF_5057DC940A934C35A10E18D7 /* HatcheryView.swift */ = {isa = PBXFileReference;; explicitFileType = sourcecode.swift; fileEncoding = 4; };
		REF_D475819C1D5540DD846C7D02 /* ProUpgradeView.swift */ = {isa = PBXFileReference;; explicitFileType = sourcecode.swift; fileEncoding = 4; };
		REF_2843FF76C3EF4F80AC2F9AC2 /* SettingsView.swift */ = {isa = PBXFileReference;; explicitFileType = sourcecode.swift; fileEncoding = 4; };
		REF_F8873AC007F84B65B709E3C8 /* ShopView.swift */ = {isa = PBXFileReference;; explicitFileType = sourcecode.swift; fileEncoding = 4; };
		REF_948DAE0EA90F49098F408B61 /* FishWidget.swift */ = {isa = PBXFileReference;; explicitFileType = sourcecode.swift; fileEncoding = 4; };
		REF_D8C21D48866D4EC5AAD31DDD /* WidgetBundle.swift */ = {isa = PBXFileReference;; explicitFileType = sourcecode.swift; fileEncoding = 4; };
		REF_ENTITLEMENTS_AABBCCDDEEFF /* PocketAquarium.entitlements */ = {isa = PBXFileReference; lastKnownFileType = text.plist.entitlements; path = "Resources/PocketAquarium.entitlements"; sourceTree = "<group>"; };
		PROD_REF_039092B3947846BC915C292D /* PocketAquarium.app */ = {isa = PBXFileReference; explicitFileType = wrapper.application; includeInIndex = 0; path = "PocketAquarium.app"; sourceTree = BUILT_PRODUCTS_DIR; };
/* End PBXFileReference section */

/* Begin PBXGroup section */
		GROUP_MAIN_8FB2399327234AB298520FC8 = {
			isa = PBXGroup;
			children = (
				GROUP_96265E65611343C4B0299D57 /* Services */,
				GROUP_28B589D5A4434E89863E557E /* Widgets */,
				GROUP_32AC187C340B4D45ADEF34BE /* App */,
				GROUP_8EC6DF25B949495B88D269B0 /* Models */,
				GROUP_CBE1CB968D894D0E94D0A79A /* Views */,
				GROUP_PROD_6A56A62697814BDD8E18EFBC /* Products */,
				REF_ENTITLEMENTS_AABBCCDDEEFF /* PocketAquarium.entitlements */,
			);
			sourceTree = "<group>";
		};
		GROUP_PROD_6A56A62697814BDD8E18EFBC = {
			isa = PBXGroup;
			children = (
				PROD_REF_039092B3947846BC915C292D /* PocketAquarium.app */,
			);
			name = Products;
			sourceTree = "<group>";
		};
		GROUP_96265E65611343C4B0299D57 = {
			isa = PBXGroup;
			children = (
				REF_37A0545F5B974B2889C16D4A /* AnimationEngine.swift */,
				REF_E173B3902D1B488EBA5CB752 /* BreedingEngine.swift */,
				REF_6970E434D29E40799B021ADB /* DynamicIslandManager.swift */,
				REF_82D1BA2998834922B46D224F /* FishBehaviorEngine.swift */,
				REF_47B43E8C9E0D4AA894768889 /* NotificationService.swift */,
				REF_535D33A1F41C4F698D103430 /* PersistenceService.swift */,
				REF_A0A372E868054E2A9673F3E6 /* PhoneStateMonitor.swift */,
				REF_6F0F529D8E644215846233E9 /* StoreKitManager.swift */,
				REF_1AAB02FA4E0447909B0EC73E /* WidgetDataProvider.swift */,
			);
			path = "Services";
			sourceTree = "<group>";
		};
		GROUP_28B589D5A4434E89863E557E = {
			isa = PBXGroup;
			children = (
				REF_948DAE0EA90F49098F408B61 /* FishWidget.swift */,
				REF_D8C21D48866D4EC5AAD31DDD /* WidgetBundle.swift */,
			);
			path = "Widgets";
			sourceTree = "<group>";
		};
		GROUP_32AC187C340B4D45ADEF34BE = {
			isa = PBXGroup;
			children = (
				REF_62004BD223604A62815BDEA8 /* ContentView.swift */,
				REF_12E09AE0672C4AB0B60BDE3A /* PocketAquariumApp.swift */,
			);
			path = "App";
			sourceTree = "<group>";
		};
		GROUP_8EC6DF25B949495B88D269B0 = {
			isa = PBXGroup;
			children = (
				REF_BBD042CE9CA3409F993ABA7B /* Fish.swift */,
				REF_6692D88CA65D422C892D872E /* FishMorph.swift */,
				REF_91F7D5D6154C4A88B8139ECF /* FishSpecies.swift */,
				REF_744FCFB3D45649AB8D1514EB /* FishState.swift */,
				REF_D3850D08677A4BAEBFF283D3 /* ProUnlockManager.swift */,
				REF_FA25D3BFD9B74010810D8082 /* Tank.swift */,
				REF_49ECE812C72D4A98AE6276D1 /* TankDecoration.swift */,
			);
			path = "Models";
			sourceTree = "<group>";
		};
		GROUP_CBE1CB968D894D0E94D0A79A = {
			isa = PBXGroup;
			children = (
				REF_3CF8CA08D2C449429A72487D /* AquariumMainView.swift */,
				REF_88501C11A8C74B3E89D801D1 /* BreedingView.swift */,
				REF_A3BFECC495654106829DFFF2 /* FishDetailView.swift */,
				REF_B2E5024E30CF47FB80316AA2 /* FishReactionView.swift */,
				REF_5057DC940A934C35A10E18D7 /* HatcheryView.swift */,
				REF_D475819C1D5540DD846C7D02 /* ProUpgradeView.swift */,
				REF_2843FF76C3EF4F80AC2F9AC2 /* SettingsView.swift */,
				REF_F8873AC007F84B65B709E3C8 /* ShopView.swift */,
			);
			path = "Views";
			sourceTree = "<group>";
		};
/* End PBXGroup section */

/* Begin PBXNativeTarget section */
		NATIVE_TGT_35D71D969AC94A7BB484DA7A = {
			isa = PBXNativeTarget;
			buildConfigurationList = TGT_CFGL_0C90871B3CB14B1EAA7D554B /* Build configuration list for PBXNativeTarget "PocketAquarium" */;
			buildPhases = (
				SRC_PHASE_2E8CB775ECBF464C969BE0A6,
				FW_PHASE_6B6384343F934E67A278CE00,
				RES_PHASE_D74FA2802E914E419646B132,
			);
			buildRules = ();
			dependencies = ();
			name = "PocketAquarium";
			productName = "PocketAquarium";
			productReference = PROD_REF_039092B3947846BC915C292D;
			productType = "com.apple.product-type.application";
		};
/* End PBXNativeTarget section */

/* Begin PBXProject section */
		PROJECT_F7C900C3C172419893941C7A = {
			isa = PBXProject;
			buildConfigurationList = PROJ_CFGL_C3D6D9745E6B4BC8B6F64B00 /* Build configuration list for PBXProject "PocketAquarium" */;
			compatibilityVersion = "Xcode 14.0";
			developmentRegion = "en";
			hasScannedForEncodings = 0;
			knownRegions = ("en", "Base", );
			mainGroup = GROUP_MAIN_8FB2399327234AB298520FC8;
			productRefGroup = GROUP_PROD_6A56A62697814BDD8E18EFBC;
			projectDirPath = "";
			projectRoot = "";
			targets = (
				NATIVE_TGT_35D71D969AC94A7BB484DA7A,
			);
		};
/* End PBXProject section */

/* Begin PBXResourcesBuildPhase section */
		RES_PHASE_D74FA2802E914E419646B132 = {
			isa = PBXResourcesBuildPhase;
			buildActionMask = 2147483647;
			files = (
			);
			runOnlyForDeploymentPostprocessing = 0;
		};
/* End PBXResourcesBuildPhase section */

/* Begin PBXSourcesBuildPhase section */
		SRC_PHASE_2E8CB775ECBF464C969BE0A6 = {
			isa = PBXSourcesBuildPhase;
			buildActionMask = 2147483647;
			files = (
				BLD_BBC4BBCED5F24484AB98F768 /* App/ContentView.swift in Sources */,
				BLD_BB0A9A26B69542B2BB764726 /* App/PocketAquariumApp.swift in Sources */,
				BLD_12A02F7CAE4241518C1571B0 /* Models/Fish.swift in Sources */,
				BLD_351824574D624DF1A85D4D43 /* Models/FishMorph.swift in Sources */,
				BLD_D0B0A7DC22D243ADAAA2CA99 /* Models/FishSpecies.swift in Sources */,
				BLD_4ECCE9927CEB4135B7BD436B /* Models/FishState.swift in Sources */,
				BLD_17BF95A5B72745B6BA4CC1DC /* Models/ProUnlockManager.swift in Sources */,
				BLD_68B5212F2AB54886A753E002 /* Models/Tank.swift in Sources */,
				BLD_2F8B1DB8701A4F3EB6FF4C65 /* Models/TankDecoration.swift in Sources */,
				BLD_CBA7FEF6050C4B14A753E855 /* Services/AnimationEngine.swift in Sources */,
				BLD_7A48DA401F804C738C547A9E /* Services/BreedingEngine.swift in Sources */,
				BLD_106DFBEE04AF49E18FED40AA /* Services/DynamicIslandManager.swift in Sources */,
				BLD_0C3E18E98C334449BB4AB108 /* Services/FishBehaviorEngine.swift in Sources */,
				BLD_14460E88507D4FECA4226992 /* Services/NotificationService.swift in Sources */,
				BLD_F5562A60EC664EA9A0015F43 /* Services/PersistenceService.swift in Sources */,
				BLD_7E2FE5D744E44C62BC71019F /* Services/PhoneStateMonitor.swift in Sources */,
				BLD_BA471F0D0FE94AEB9FBA23B7 /* Services/StoreKitManager.swift in Sources */,
				BLD_4F85CF05E2B74410A7B802A4 /* Services/WidgetDataProvider.swift in Sources */,
				BLD_32A11289C30141BF954EEFB8 /* Views/AquariumMainView.swift in Sources */,
				BLD_0C4DE6C8F730470989B4FDB6 /* Views/BreedingView.swift in Sources */,
				BLD_85770265F76742F38C8CF7A9 /* Views/FishDetailView.swift in Sources */,
				BLD_D56488D8A8A14FA081A8B118 /* Views/FishReactionView.swift in Sources */,
				BLD_078801F8A81A41EDA822CC21 /* Views/HatcheryView.swift in Sources */,
				BLD_F4BC365026104EA8A643945F /* Views/ProUpgradeView.swift in Sources */,
				BLD_9DF2196651DD46979B66FCB3 /* Views/SettingsView.swift in Sources */,
				BLD_F70C8EE2A3214FB4A6AC8506 /* Views/ShopView.swift in Sources */,
				BLD_C1EB82E584E340DC9946F91C /* Widgets/FishWidget.swift in Sources */,
				BLD_156DB07B7B664532B13E5E5B /* Widgets/WidgetBundle.swift in Sources */,
			);
			runOnlyForDeploymentPostprocessing = 0;
		};
/* End PBXSourcesBuildPhase section */

/* Begin PBXFrameworksBuildPhase section */
		FW_PHASE_6B6384343F934E67A278CE00 = {
			isa = PBXFrameworksBuildPhase;
			buildActionMask = 2147483647;
			files = (
			);
			runOnlyForDeploymentPostprocessing = 0;
		};
/* End PBXFrameworksBuildPhase section */

/* Begin XCBuildConfiguration section */
		DEBUG_CFG_40446B54ABC04808AFF4F83F = {
			isa = XCBuildConfiguration;
			buildSettings = {
				ASSETCATALOG_COMPILER_APPICON_NAME = "AppIcon";
				ASSETCATALOG_COMPILER_GLOBAL_ACCENT_COLOR_NAME = "";
				CODE_SIGN_ENTITLEMENTS = "Resources/PocketAquarium.entitlements";
				CODE_SIGN_STYLE = Automatic;
				CURRENT_PROJECT_VERSION = 1;
				ENABLE_PREVIEWS = YES;
				GENERATE_INFOPLIST_FILE = YES;
				INFOPLIST_FILE = "Resources/Info.plist";
				INFOPLIST_KEY_CFBundleDisplayName = "PocketAquarium";
				INFOPLIST_KEY_UIApplicationSceneManifest_Generation = YES;
				INFOPLIST_KEY_UIApplicationSupportsIndirectInputEvents = YES;
				INFOPLIST_KEY_UILaunchScreen_Generation = YES;
				INFOPLIST_KEY_UISupportedInterfaceOrientations = "UIInterfaceOrientationPortrait UIInterfaceOrientationLandscapeLeft UIInterfaceOrientationLandscapeRight";
				INFOPLIST_KEY_UIStatusBarStyle = "";
				IPHONEOS_DEPLOYMENT_TARGET = 17.0;
				LD_RUNPATH_SEARCH_PATHS = ( "$(inherited)", "@executable_path/Frameworks" );
				MARKETING_VERSION = 1.0;
				PRODUCT_BUNDLE_IDENTIFIER = "com.steveafrost.PocketAquarium";
				PRODUCT_NAME = "$(TARGET_NAME)";
				SWIFT_EMIT_LOC_STRINGS = YES;
				SWIFT_VERSION = 5.0;
				TARGETED_DEVICE_FAMILY = "1,2";
			};
			name = Debug;
		};
		RELEASE_CFG_16F5D80DA2BC4DF5BF693D63 = {
			isa = XCBuildConfiguration;
			buildSettings = {
				ASSETCATALOG_COMPILER_APPICON_NAME = "AppIcon";
				ASSETCATALOG_COMPILER_GLOBAL_ACCENT_COLOR_NAME = "";
				CODE_SIGN_ENTITLEMENTS = "Resources/PocketAquarium.entitlements";
				CODE_SIGN_STYLE = Automatic;
				CURRENT_PROJECT_VERSION = 1;
				ENABLE_PREVIEWS = YES;
				GENERATE_INFOPLIST_FILE = YES;
				INFOPLIST_FILE = "Resources/Info.plist";
				INFOPLIST_KEY_CFBundleDisplayName = "PocketAquarium";
				INFOPLIST_KEY_UIApplicationSceneManifest_Generation = YES;
				INFOPLIST_KEY_UIApplicationSupportsIndirectInputEvents = YES;
				INFOPLIST_KEY_UILaunchScreen_Generation = YES;
				INFOPLIST_KEY_UISupportedInterfaceOrientations = "UIInterfaceOrientationPortrait UIInterfaceOrientationLandscapeLeft UIInterfaceOrientationLandscapeRight";
				INFOPLIST_KEY_UIStatusBarStyle = "";
				IPHONEOS_DEPLOYMENT_TARGET = 17.0;
				LD_RUNPATH_SEARCH_PATHS = ( "$(inherited)", "@executable_path/Frameworks" );
				MARKETING_VERSION = 1.0;
				PRODUCT_BUNDLE_IDENTIFIER = "com.steveafrost.PocketAquarium";
				PRODUCT_NAME = "$(TARGET_NAME)";
				SWIFT_EMIT_LOC_STRINGS = YES;
				SWIFT_VERSION = 5.0;
				TARGETED_DEVICE_FAMILY = "1,2";
			};
			name = Release;
		};
/* End XCBuildConfiguration section */

/* Begin XCConfigurationList section */
		PROJ_CFGL_C3D6D9745E6B4BC8B6F64B00 = {
			isa = XCConfigurationList;
			buildConfigurations = (
				DEBUG_CFG_40446B54ABC04808AFF4F83F,
				RELEASE_CFG_16F5D80DA2BC4DF5BF693D63,
			);
			defaultConfigurationIsVisible = 0;
			defaultConfigurationName = Release;
		};
		TGT_CFGL_0C90871B3CB14B1EAA7D554B = {
			isa = XCConfigurationList;
			buildConfigurations = (
				DEBUG_CFG_40446B54ABC04808AFF4F83F,
				RELEASE_CFG_16F5D80DA2BC4DF5BF693D63,
			);
			defaultConfigurationIsVisible = 0;
			defaultConfigurationName = Release;
		};
/* End XCConfigurationList section */
	};
	rootObject = PROJECT_F7C900C3C172419893941C7A /* Project object */;
}